
Microsoft Visual Studio Solution File, Format Version 12.00
# Visual Studio Version 17
VisualStudioVersion = 17.1.32228.430
MinimumVisualStudioVersion = 10.0.40219.1
Project("{9A19103F-16F7-4668-BE54-9A1E7A4F7556}") = "WebAPI_with_EFCore", "WebAPI_with_EFCore\WebAPI_with_EFCore.csproj", "{7C8B0F2F-D225-4CBE-9C57-18033FA62556}"
EndProject
Project("{9A19103F-16F7-4668-BE54-9A1E7A4F7556}") = "EFCoreBooks", "EFCoreBooks\EFCoreBooks.csproj", "{4F5E4963-F098-4E83-90AD-0EA3C27C8BCF}"
EndProject
Project("{FAE04EC0-301F-11D3-BF4B-00C04F79EFBC}") = "FilterDemo", "FilterDemo\FilterDemo.csproj", "{CE585446-CDE4-447F-95B5-0763841485F1}"
EndProject
Project("{FAE04EC0-301F-11D3-BF4B-00C04F79EFBC}") = "ActionFilterDemo", "ActionFilterDemo\ActionFilterDemo.csproj", "{A4EAD343-A1A9-475B-BDC2-7E2DA038CB05}"
EndProject
Global
	GlobalSection(SolutionConfigurationPlatforms) = preSolution
		Debug|Any CPU = Debug|Any CPU
		Release|Any CPU = Release|Any CPU
	EndGlobalSection
	GlobalSection(ProjectConfigurationPlatforms) = postSolution
		{7C8B0F2F-D225-4CBE-9C57-18033FA62556}.Debug|Any CPU.ActiveCfg = Debug|Any CPU
		{7C8B0F2F-D225-4CBE-9C57-18033FA62556}.Debug|Any CPU.Build.0 = Debug|Any CPU
		{7C8B0F2F-D225-4CBE-9C57-18033FA62556}.Release|Any CPU.ActiveCfg = Release|Any CPU
		{7C8B0F2F-D225-4CBE-9C57-18033FA62556}.Release|Any CPU.Build.0 = Release|Any CPU
		{4F5E4963-F098-4E83-90AD-0EA3C27C8BCF}.Debug|Any CPU.ActiveCfg = Debug|Any CPU
		{4F5E4963-F098-4E83-90AD-0EA3C27C8BCF}.Debug|Any CPU.Build.0 = Debug|Any CPU
		{4F5E4963-F098-4E83-90AD-0EA3C27C8BCF}.Release|Any CPU.ActiveCfg = Release|Any CPU
		{4F5E4963-F098-4E83-90AD-0EA3C27C8BCF}.Release|Any CPU.Build.0 = Release|Any CPU
		{CE585446-CDE4-447F-95B5-0763841485F1}.Debug|Any CPU.ActiveCfg = Debug|Any CPU
		{CE585446-CDE4-447F-95B5-0763841485F1}.Debug|Any CPU.Build.0 = Debug|Any CPU
		{CE585446-CDE4-447F-95B5-0763841485F1}.Release|Any CPU.ActiveCfg = Release|Any CPU
		{CE585446-CDE4-447F-95B5-0763841485F1}.Release|Any CPU.Build.0 = Release|Any CPU
		{A4EAD343-A1A9-475B-BDC2-7E2DA038CB05}.Debug|Any CPU.ActiveCfg = Debug|Any CPU
		{A4EAD343-A1A9-475B-BDC2-7E2DA038CB05}.Debug|Any CPU.Build.0 = Debug|Any CPU
		{A4EAD343-A1A9-475B-BDC2-7E2DA038CB05}.Release|Any CPU.ActiveCfg = Release|Any CPU
		{A4EAD343-A1A9-475B-BDC2-7E2DA038CB05}.Release|Any CPU.Build.0 = Release|Any CPU
	EndGlobalSection
	GlobalSection(SolutionProperties) = preSolution
		HideSolutionNode = FALSE
	EndGlobalSection
	GlobalSection(ExtensibilityGlobals) = postSolution
		SolutionGuid = {0040E294-CDE2-4051-BC18-E204305E1F51}
	EndGlobalSection
EndGlobal
